
Microsoft Visual Studio Solution File, Format Version 12.00
# Visual Studio Version 17
VisualStudioVersion = 17.5.002.0
MinimumVisualStudioVersion = 10.0.40219.1
Project("{9A19103F-16F7-4668-BE54-9A1E7A4F7556}") = "TasteTrailApp.Presentation", "TasteTrailApp.Presentation.csproj", "{7E28080D-4D2F-4D6D-9B1C-8381C402DC42}"
EndProject
Global
	GlobalSection(SolutionConfigurationPlatforms) = preSolution
		Debug|Any CPU = Debug|Any CPU
		Release|Any CPU = Release|Any CPU
	EndGlobalSection
	GlobalSection(ProjectConfigurationPlatforms) = postSolution
		{7E28080D-4D2F-4D6D-9B1C-8381C402DC42}.Debug|Any CPU.ActiveCfg = Debug|Any CPU
		{7E28080D-4D2F-4D6D-9B1C-8381C402DC42}.Debug|Any CPU.Build.0 = Debug|Any CPU
		{7E28080D-4D2F-4D6D-9B1C-8381C402DC42}.Release|Any CPU.ActiveCfg = Release|Any CPU
		{7E28080D-4D2F-4D6D-9B1C-8381C402DC42}.Release|Any CPU.Build.0 = Release|Any CPU
	EndGlobalSection
	GlobalSection(SolutionProperties) = preSolution
		HideSolutionNode = FALSE
	EndGlobalSection
	GlobalSection(ExtensibilityGlobals) = postSolution
		SolutionGuid = {B6E036ED-B21C-4581-9807-FA28FB6EE973}
	EndGlobalSection
EndGlobal
