
Microsoft Visual Studio Solution File, Format Version 12.00
# Visual Studio Version 17
VisualStudioVersion = 17.5.002.0
MinimumVisualStudioVersion = 10.0.40219.1
Project("{9A19103F-16F7-4668-BE54-9A1E7A4F7556}") = "TasteTrailApp.Core", "TasteTrailApp.Core.csproj", "{494CAAC4-D669-4B43-9012-FD4D73777DB7}"
EndProject
Global
	GlobalSection(SolutionConfigurationPlatforms) = preSolution
		Debug|Any CPU = Debug|Any CPU
		Release|Any CPU = Release|Any CPU
	EndGlobalSection
	GlobalSection(ProjectConfigurationPlatforms) = postSolution
		{494CAAC4-D669-4B43-9012-FD4D73777DB7}.Debug|Any CPU.ActiveCfg = Debug|Any CPU
		{494CAAC4-D669-4B43-9012-FD4D73777DB7}.Debug|Any CPU.Build.0 = Debug|Any CPU
		{494CAAC4-D669-4B43-9012-FD4D73777DB7}.Release|Any CPU.ActiveCfg = Release|Any CPU
		{494CAAC4-D669-4B43-9012-FD4D73777DB7}.Release|Any CPU.Build.0 = Release|Any CPU
	EndGlobalSection
	GlobalSection(SolutionProperties) = preSolution
		HideSolutionNode = FALSE
	EndGlobalSection
	GlobalSection(ExtensibilityGlobals) = postSolution
		SolutionGuid = {D580F86B-5051-4108-9D37-568C1E71F7E6}
	EndGlobalSection
EndGlobal
