
Microsoft Visual Studio Solution File, Format Version 12.00
# Visual Studio Version 17
VisualStudioVersion = 17.5.002.0
MinimumVisualStudioVersion = 10.0.40219.1
Project("{9A19103F-16F7-4668-BE54-9A1E7A4F7556}") = "TasteTrailApp.Core", "TasteTrailApp.Core\TasteTrailApp.Core.csproj", "{DFFD41E4-3987-4D61-8C37-D8EDCD785880}"
EndProject
Project("{9A19103F-16F7-4668-BE54-9A1E7A4F7556}") = "TasteTrailApp.Infrastructure", "TasteTrailApp.Infrastructure\TasteTrailApp.Infrastructure.csproj", "{823F69A6-CAC4-4052-9FA2-A8BDC2BFA0E0}"
EndProject
Project("{9A19103F-16F7-4668-BE54-9A1E7A4F7556}") = "TasteTrailApp.Presentation", "TasteTrailApp.Presentation\TasteTrailApp.Presentation.csproj", "{C1E3B69B-417B-46D4-8716-490BB066209B}"
EndProject
Global
	GlobalSection(SolutionConfigurationPlatforms) = preSolution
		Debug|Any CPU = Debug|Any CPU
		Release|Any CPU = Release|Any CPU
	EndGlobalSection
	GlobalSection(ProjectConfigurationPlatforms) = postSolution
		{DFFD41E4-3987-4D61-8C37-D8EDCD785880}.Debug|Any CPU.ActiveCfg = Debug|Any CPU
		{DFFD41E4-3987-4D61-8C37-D8EDCD785880}.Debug|Any CPU.Build.0 = Debug|Any CPU
		{DFFD41E4-3987-4D61-8C37-D8EDCD785880}.Release|Any CPU.ActiveCfg = Release|Any CPU
		{DFFD41E4-3987-4D61-8C37-D8EDCD785880}.Release|Any CPU.Build.0 = Release|Any CPU
		{823F69A6-CAC4-4052-9FA2-A8BDC2BFA0E0}.Debug|Any CPU.ActiveCfg = Debug|Any CPU
		{823F69A6-CAC4-4052-9FA2-A8BDC2BFA0E0}.Debug|Any CPU.Build.0 = Debug|Any CPU
		{823F69A6-CAC4-4052-9FA2-A8BDC2BFA0E0}.Release|Any CPU.ActiveCfg = Release|Any CPU
		{823F69A6-CAC4-4052-9FA2-A8BDC2BFA0E0}.Release|Any CPU.Build.0 = Release|Any CPU
		{C1E3B69B-417B-46D4-8716-490BB066209B}.Debug|Any CPU.ActiveCfg = Debug|Any CPU
		{C1E3B69B-417B-46D4-8716-490BB066209B}.Debug|Any CPU.Build.0 = Debug|Any CPU
		{C1E3B69B-417B-46D4-8716-490BB066209B}.Release|Any CPU.ActiveCfg = Release|Any CPU
		{C1E3B69B-417B-46D4-8716-490BB066209B}.Release|Any CPU.Build.0 = Release|Any CPU
	EndGlobalSection
	GlobalSection(SolutionProperties) = preSolution
		HideSolutionNode = FALSE
	EndGlobalSection
	GlobalSection(ExtensibilityGlobals) = postSolution
		SolutionGuid = {30E59E44-1A4E-49E4-877A-1A01D7FA4A51}
	EndGlobalSection
EndGlobal
