
Microsoft Visual Studio Solution File, Format Version 12.00
# Visual Studio Version 17
VisualStudioVersion = 17.5.002.0
MinimumVisualStudioVersion = 10.0.40219.1
Project("{9A19103F-16F7-4668-BE54-9A1E7A4F7556}") = "TasteTrailApp.Core", "TasteTrailApp.Core\TasteTrailApp.Core.csproj", "{9EFC6CE0-C472-482D-8F0C-9D27BC0B91CF}"
EndProject
Project("{9A19103F-16F7-4668-BE54-9A1E7A4F7556}") = "TasteTrailApp.Infrastructure", "TasteTrailApp.Infrastructure\TasteTrailApp.Infrastructure.csproj", "{C2039AC2-3EB7-4418-AAF0-EE2964DE1C4B}"
EndProject
Project("{9A19103F-16F7-4668-BE54-9A1E7A4F7556}") = "TasteTrailApp.Presentation", "TasteTrailApp.Presentation\TasteTrailApp.Presentation.csproj", "{1AF27213-67EB-40D1-BBE6-220D0EA4A5B1}"
EndProject
Global
	GlobalSection(SolutionConfigurationPlatforms) = preSolution
		Debug|Any CPU = Debug|Any CPU
		Release|Any CPU = Release|Any CPU
	EndGlobalSection
	GlobalSection(ProjectConfigurationPlatforms) = postSolution
		{9EFC6CE0-C472-482D-8F0C-9D27BC0B91CF}.Debug|Any CPU.ActiveCfg = Debug|Any CPU
		{9EFC6CE0-C472-482D-8F0C-9D27BC0B91CF}.Debug|Any CPU.Build.0 = Debug|Any CPU
		{9EFC6CE0-C472-482D-8F0C-9D27BC0B91CF}.Release|Any CPU.ActiveCfg = Release|Any CPU
		{9EFC6CE0-C472-482D-8F0C-9D27BC0B91CF}.Release|Any CPU.Build.0 = Release|Any CPU
		{C2039AC2-3EB7-4418-AAF0-EE2964DE1C4B}.Debug|Any CPU.ActiveCfg = Debug|Any CPU
		{C2039AC2-3EB7-4418-AAF0-EE2964DE1C4B}.Debug|Any CPU.Build.0 = Debug|Any CPU
		{C2039AC2-3EB7-4418-AAF0-EE2964DE1C4B}.Release|Any CPU.ActiveCfg = Release|Any CPU
		{C2039AC2-3EB7-4418-AAF0-EE2964DE1C4B}.Release|Any CPU.Build.0 = Release|Any CPU
		{1AF27213-67EB-40D1-BBE6-220D0EA4A5B1}.Debug|Any CPU.ActiveCfg = Debug|Any CPU
		{1AF27213-67EB-40D1-BBE6-220D0EA4A5B1}.Debug|Any CPU.Build.0 = Debug|Any CPU
		{1AF27213-67EB-40D1-BBE6-220D0EA4A5B1}.Release|Any CPU.ActiveCfg = Release|Any CPU
		{1AF27213-67EB-40D1-BBE6-220D0EA4A5B1}.Release|Any CPU.Build.0 = Release|Any CPU
	EndGlobalSection
	GlobalSection(SolutionProperties) = preSolution
		HideSolutionNode = FALSE
	EndGlobalSection
	GlobalSection(ExtensibilityGlobals) = postSolution
		SolutionGuid = {AAD107B6-5A33-4C89-B5A2-EB437760ECD4}
	EndGlobalSection
EndGlobal
